PODS:
  - CocoaLumberjack/Core (3.6.1)
  - CocoaLumberjack/Swift (3.6.1):
    - CocoaLumberjack/Core
  - HexColors (6.0.0)
  - SnapKit (4.2.0)

DEPENDENCIES:
  - CocoaLumberjack/Swift
  - HexColors
  - SnapKit

SPEC REPOS:
  trunk:
    - CocoaLumberjack
    - HexColors
    - SnapKit

SPEC CHECKSUMS:
  CocoaLumberjack: b17ae15142558d08bbacf69775fa10c4abbebcc9
  HexColors: f8c66339541a74bb08905bfe7cd4f8cc85e9e173
  SnapKit: fe8a619752f3f27075cc9a90244d75c6c3f27e2a

PODFILE CHECKSUM: 0bea2e1f3914179bc80e34403f2d9b3e1ce847b5

COCOAPODS: 1.11.3
